{
  "name": "fetch-router-test",
  "lockfileVersion": 3,
  "requires": true,
  "packages": {
    "": {
      "name": "fetch-router-test",
      "dependencies": {
        "@remix-run/fetch-router": "^0.8.0"
      },
      "devDependencies": {
        "@types/node": "^22.0.0",
        "typescript": "^5.9.0"
      }
    },
    "node_modules/@remix-run/fetch-router": {
      "version": "0.8.0",
      "resolved": "https://registry.npmjs.org/@remix-run/fetch-router/-/fetch-router-0.8.0.tgz",
      "integrity": "sha512-ugvauNoGxZBGw5F+3IcohAbrZ6dMM8VdWVgi12UVeHg2843IjkKtGv2dHCkHPMZvydJZQlYWDGd/NRxDSChG3w==",
      "license": "MIT",
      "peerDependencies": {
        "@remix-run/form-data-parser": "0.12.0",
        "@remix-run/headers": "0.14.0",
        "@remix-run/html-template": "0.2.0",
        "@remix-run/route-pattern": "0.14.0"
      }
    },
    "node_modules/@remix-run/form-data-parser": {
      "version": "0.12.0",
      "resolved": "https://registry.npmjs.org/@remix-run/form-data-parser/-/form-data-parser-0.12.0.tgz",
      "integrity": "sha512-PSeHTVp1nDAA1yr8HUiU0dNkQ3jD4TlW6Crw0oV406YC0JskkJ9TyHC8BYKQzi8URFX12fHJD70W3RtvofKqvw==",
      "license": "MIT",
      "peer": true,
      "dependencies": {
        "@remix-run/multipart-parser": "^0.12.0"
      }
    },
    "node_modules/@remix-run/headers": {
      "version": "0.14.0",
      "resolved": "https://registry.npmjs.org/@remix-run/headers/-/headers-0.14.0.tgz",
      "integrity": "sha512-IibY6iTkBhzHXacQkJDENlzJPe3G5RDJgzV2utftnJl/sg2qKnxtepypQmfXA6d+BI5BkzrtAd+mx7QSVY1NRQ==",
      "license": "MIT",
      "peer": true
    },
    "node_modules/@remix-run/html-template": {
      "version": "0.2.0",
      "resolved": "https://registry.npmjs.org/@remix-run/html-template/-/html-template-0.2.0.tgz",
      "integrity": "sha512-CwmFgbUroD2082lK6ALHCryqOxrn3FtMf7uf554fN8Zq5H9aDafPYWpEZ01GvpaKuPVlWwyojhqcs1nOOgLwpA==",
      "license": "MIT",
      "peer": true
    },
    "node_modules/@remix-run/multipart-parser": {
      "version": "0.12.0",
      "resolved": "https://registry.npmjs.org/@remix-run/multipart-parser/-/multipart-parser-0.12.0.tgz",
      "integrity": "sha512-u/o4lKmIy/KuZGuQYMGhmr+BN7VKAt3G0ny8a1SBVlBXIBAtTOmDiI2WMZtyAv0VPbaIpT3OBTrRrKIfdDAE6w==",
      "license": "MIT",
      "peer": true,
      "dependencies": {
        "@remix-run/headers": "^0.14.0"
      }
    },
    "node_modules/@remix-run/route-pattern": {
      "version": "0.14.0",
      "resolved": "https://registry.npmjs.org/@remix-run/route-pattern/-/route-pattern-0.14.0.tgz",
      "integrity": "sha512-Wlq1LAsGZBJ5uEnUmxJDBQvpLKhay1mVvxmNl0oeKBOin6yWDB5YkJkSMAlYQi7mM/vVIDlqr183MiHi4SO7AA==",
      "license": "MIT",
      "peer": true
    },
    "node_modules/@types/node": {
      "version": "22.18.10",
      "resolved": "https://registry.npmjs.org/@types/node/-/node-22.18.10.tgz",
      "integrity": "sha512-anNG/V/Efn/YZY4pRzbACnKxNKoBng2VTFydVu8RRs5hQjikP8CQfaeAV59VFSCzKNp90mXiVXW2QzV56rwMrg==",
      "dev": true,
      "license": "MIT",
      "dependencies": {
        "undici-types": "~6.21.0"
      }
    },
    "node_modules/typescript": {
      "version": "5.9.3",
      "resolved": "https://registry.npmjs.org/typescript/-/typescript-5.9.3.tgz",
      "integrity": "sha512-jl1vZzPDinLr9eUt3J/t7V6FgNEw9QjvBPdysz9KfQDD41fQrC2Y4vKQdiaUpFT4bXlb1RHhLpp8wtm6M5TgSw==",
      "dev": true,
      "license": "Apache-2.0",
      "bin": {
        "tsc": "bin/tsc",
        "tsserver": "bin/tsserver"
      },
      "engines": {
        "node": ">=14.17"
      }
    },
    "node_modules/undici-types": {
      "version": "6.21.0",
      "resolved": "https://registry.npmjs.org/undici-types/-/undici-types-6.21.0.tgz",
      "integrity": "sha512-iwDZqg0QAGrg9Rav5H4n0M64c3mkR59cJ6wQp+7C4nI0gsmExaedaYLNO44eT4AtBBwjbTiGPMlt2Md0T9H9JQ==",
      "dev": true,
      "license": "MIT"
    }
  }
}
